
Microsoft Visual Studio Solution File, Format Version 12.00
# Visual Studio Version 17
VisualStudioVersion = 17.5.33627.172
MinimumVisualStudioVersion = 10.0.40219.1
Project("{FAE04EC0-301F-11D3-BF4B-00C04F79EFBC}") = "P013KatmanliBlog.MVCUI", "P013KatmanliBlog.MVCUI\P013KatmanliBlog.MVCUI.csproj", "{04439EA7-0267-4BE1-AB13-FF39D8B659A9}"
EndProject
Project("{FAE04EC0-301F-11D3-BF4B-00C04F79EFBC}") = "P013KatmanliBlog.Core", "P013KatmanliBlog.Core\P013KatmanliBlog.Core.csproj", "{20356589-AF24-41F3-999E-49639FEC6F6A}"
EndProject
Project("{FAE04EC0-301F-11D3-BF4B-00C04F79EFBC}") = "P013KatmanliBlog.Data", "P013KatmanliBlog.Data\P013KatmanliBlog.Data.csproj", "{131900A2-A731-4822-A2B2-2C5BF19137D7}"
EndProject
Project("{FAE04EC0-301F-11D3-BF4B-00C04F79EFBC}") = "P013KatmanliBlog.Service", "P013KatmanliBlog.Service\P013KatmanliBlog.Service.csproj", "{03BCC729-5ABB-404A-9BFE-9BC7524FBB45}"
EndProject
Global
	GlobalSection(SolutionConfigurationPlatforms) = preSolution
		Debug|Any CPU = Debug|Any CPU
		Release|Any CPU = Release|Any CPU
	EndGlobalSection
	GlobalSection(ProjectConfigurationPlatforms) = postSolution
		{04439EA7-0267-4BE1-AB13-FF39D8B659A9}.Debug|Any CPU.ActiveCfg = Debug|Any CPU
		{04439EA7-0267-4BE1-AB13-FF39D8B659A9}.Debug|Any CPU.Build.0 = Debug|Any CPU
		{04439EA7-0267-4BE1-AB13-FF39D8B659A9}.Release|Any CPU.ActiveCfg = Release|Any CPU
		{04439EA7-0267-4BE1-AB13-FF39D8B659A9}.Release|Any CPU.Build.0 = Release|Any CPU
		{20356589-AF24-41F3-999E-49639FEC6F6A}.Debug|Any CPU.ActiveCfg = Debug|Any CPU
		{20356589-AF24-41F3-999E-49639FEC6F6A}.Debug|Any CPU.Build.0 = Debug|Any CPU
		{20356589-AF24-41F3-999E-49639FEC6F6A}.Release|Any CPU.ActiveCfg = Release|Any CPU
		{20356589-AF24-41F3-999E-49639FEC6F6A}.Release|Any CPU.Build.0 = Release|Any CPU
		{131900A2-A731-4822-A2B2-2C5BF19137D7}.Debug|Any CPU.ActiveCfg = Debug|Any CPU
		{131900A2-A731-4822-A2B2-2C5BF19137D7}.Debug|Any CPU.Build.0 = Debug|Any CPU
		{131900A2-A731-4822-A2B2-2C5BF19137D7}.Release|Any CPU.ActiveCfg = Release|Any CPU
		{131900A2-A731-4822-A2B2-2C5BF19137D7}.Release|Any CPU.Build.0 = Release|Any CPU
		{03BCC729-5ABB-404A-9BFE-9BC7524FBB45}.Debug|Any CPU.ActiveCfg = Debug|Any CPU
		{03BCC729-5ABB-404A-9BFE-9BC7524FBB45}.Debug|Any CPU.Build.0 = Debug|Any CPU
		{03BCC729-5ABB-404A-9BFE-9BC7524FBB45}.Release|Any CPU.ActiveCfg = Release|Any CPU
		{03BCC729-5ABB-404A-9BFE-9BC7524FBB45}.Release|Any CPU.Build.0 = Release|Any CPU
	EndGlobalSection
	GlobalSection(SolutionProperties) = preSolution
		HideSolutionNode = FALSE
	EndGlobalSection
	GlobalSection(ExtensibilityGlobals) = postSolution
		SolutionGuid = {B9A779A2-3C7A-40C2-907E-A4D4899137A3}
	EndGlobalSection
EndGlobal
